
Microsoft Visual Studio Solution File, Format Version 12.00
# Visual Studio Version 17
VisualStudioVersion = 17.6.33723.286
MinimumVisualStudioVersion = 10.0.40219.1
Project("{FAE04EC0-301F-11D3-BF4B-00C04F79EFBC}") = "Practice_task_dashboards", "Practice_task_dashboards\Practice_task_dashboards.csproj", "{1F2C8EDC-773D-4DC7-96B7-0F3CEC74F8FA}"
EndProject
Project("{FAE04EC0-301F-11D3-BF4B-00C04F79EFBC}") = "Second_task", "Second_task\Second_task.csproj", "{22D33F4E-7AC3-471F-9B7A-F8FB9CDA12C7}"
EndProject
Project("{FAE04EC0-301F-11D3-BF4B-00C04F79EFBC}") = "Third task", "Third task\Third task.csproj", "{EB66E8FD-C72D-4D8F-BF9A-D1412284F156}"
EndProject
Global
	GlobalSection(SolutionConfigurationPlatforms) = preSolution
		Debug|Any CPU = Debug|Any CPU
		Release|Any CPU = Release|Any CPU
	EndGlobalSection
	GlobalSection(ProjectConfigurationPlatforms) = postSolution
		{1F2C8EDC-773D-4DC7-96B7-0F3CEC74F8FA}.Debug|Any CPU.ActiveCfg = Debug|Any CPU
		{1F2C8EDC-773D-4DC7-96B7-0F3CEC74F8FA}.Debug|Any CPU.Build.0 = Debug|Any CPU
		{1F2C8EDC-773D-4DC7-96B7-0F3CEC74F8FA}.Release|Any CPU.ActiveCfg = Release|Any CPU
		{1F2C8EDC-773D-4DC7-96B7-0F3CEC74F8FA}.Release|Any CPU.Build.0 = Release|Any CPU
		{22D33F4E-7AC3-471F-9B7A-F8FB9CDA12C7}.Debug|Any CPU.ActiveCfg = Debug|Any CPU
		{22D33F4E-7AC3-471F-9B7A-F8FB9CDA12C7}.Debug|Any CPU.Build.0 = Debug|Any CPU
		{22D33F4E-7AC3-471F-9B7A-F8FB9CDA12C7}.Release|Any CPU.ActiveCfg = Release|Any CPU
		{22D33F4E-7AC3-471F-9B7A-F8FB9CDA12C7}.Release|Any CPU.Build.0 = Release|Any CPU
		{EB66E8FD-C72D-4D8F-BF9A-D1412284F156}.Debug|Any CPU.ActiveCfg = Debug|Any CPU
		{EB66E8FD-C72D-4D8F-BF9A-D1412284F156}.Debug|Any CPU.Build.0 = Debug|Any CPU
		{EB66E8FD-C72D-4D8F-BF9A-D1412284F156}.Release|Any CPU.ActiveCfg = Release|Any CPU
		{EB66E8FD-C72D-4D8F-BF9A-D1412284F156}.Release|Any CPU.Build.0 = Release|Any CPU
	EndGlobalSection
	GlobalSection(SolutionProperties) = preSolution
		HideSolutionNode = FALSE
	EndGlobalSection
	GlobalSection(ExtensibilityGlobals) = postSolution
		SolutionGuid = {3DFBD73C-9EBB-41F0-AA3B-C8C1F1AF5531}
	EndGlobalSection
EndGlobal
